<?xml version="1.0" encoding="utf-8"?>
<Project ToolsVersion="4.0" xmlns="http://schemas.microsoft.com/developer/msbuild/2003">
  <ItemGroup>
    <Filter Include="ソース ファイル">
      <UniqueIdentifier>{4FC737F1-C7A5-4376-A066-2A32D752A2FF}</UniqueIdentifier>
      <Extensions>cpp;c;cc;cxx;c++;cppm;ixx;def;odl;idl;hpj;bat;asm;asmx</Extensions>
    </Filter>
    <Filter Include="ヘッダー ファイル">
      <UniqueIdentifier>{93995380-89BD-4b04-88EB-625FBE52EBFB}</UniqueIdentifier>
      <Extensions>h;hh;hpp;hxx;h++;hm;inl;inc;ipp;xsd</Extensions>
    </Filter>
    <Filter Include="リソース ファイル">
      <UniqueIdentifier>{67DA6AB6-F800-4c08-8B7A-83BB121AAD01}</UniqueIdentifier>
      <Extensions>rc;ico;cur;bmp;dlg;rc2;rct;bin;rgs;gif;jpg;jpeg;jpe;resx;tiff;tif;png;wav;mfcribbon-ms</Extensions>
    </Filter>
    <Filter Include="ヘッダー ファイル\Difinition">
      <UniqueIdentifier>{8dd662d1-f744-47a5-a418-3e5c9f073a19}</UniqueIdentifier>
    </Filter>
    <Filter Include="ソース ファイル\Manager">
      <UniqueIdentifier>{af8398d4-b2a9-4c8b-b786-79f7484ab7f9}</UniqueIdentifier>
    </Filter>
    <Filter Include="ヘッダー ファイル\Manager">
      <UniqueIdentifier>{c35bed3d-d549-4a99-a631-491231c7db28}</UniqueIdentifier>
    </Filter>
    <Filter Include="ソース ファイル\Scene">
      <UniqueIdentifier>{118c7286-9c21-4563-8a73-faf0a727ebbb}</UniqueIdentifier>
    </Filter>
    <Filter Include="ヘッダー ファイル\Scene">
      <UniqueIdentifier>{d7baa8f5-b612-44cc-a983-9e6978cdda67}</UniqueIdentifier>
    </Filter>
    <Filter Include="ヘッダー ファイル\enum">
      <UniqueIdentifier>{e7654742-ab5f-4290-b177-a99027869e69}</UniqueIdentifier>
    </Filter>
    <Filter Include="ソース ファイル\GameObject">
      <UniqueIdentifier>{6ab4c629-e093-464f-b763-72eacfdb9963}</UniqueIdentifier>
    </Filter>
    <Filter Include="ヘッダー ファイル\GameObject">
      <UniqueIdentifier>{085208b8-6dfc-4ae2-8e10-ce5bec2bd6f7}</UniqueIdentifier>
    </Filter>
    <Filter Include="ソース ファイル\GameObject\Character">
      <UniqueIdentifier>{676e28c1-e3eb-4c03-ba9c-30add95abcb3}</UniqueIdentifier>
    </Filter>
    <Filter Include="ソース ファイル\GameObject\Character\Enemy">
      <UniqueIdentifier>{d9ec9917-e0a7-4d7b-abdb-b5a1cab508e4}</UniqueIdentifier>
    </Filter>
    <Filter Include="ソース ファイル\GameObject\Character\Player">
      <UniqueIdentifier>{38a5ae36-ad5c-4a95-8a5e-f212b78d0e31}</UniqueIdentifier>
    </Filter>
    <Filter Include="ヘッダー ファイル\GameObject\Character">
      <UniqueIdentifier>{665b56d0-c731-43f0-911c-fd3ad1276e7f}</UniqueIdentifier>
    </Filter>
    <Filter Include="ヘッダー ファイル\GameObject\Character\Player">
      <UniqueIdentifier>{8b466c1c-4977-468d-8acc-cbfa3b3657a2}</UniqueIdentifier>
    </Filter>
    <Filter Include="ヘッダー ファイル\GameObject\Character\Enemy">
      <UniqueIdentifier>{b2fb4ba2-65ce-4a1d-b490-ea294e304ddd}</UniqueIdentifier>
    </Filter>
    <Filter Include="ソース ファイル\Component">
      <UniqueIdentifier>{2e7fee05-da7c-4f1e-a27b-3567a924f59a}</UniqueIdentifier>
    </Filter>
    <Filter Include="ヘッダー ファイル\Component">
      <UniqueIdentifier>{2022848a-cb1a-4583-9ab4-18ff1c8cd459}</UniqueIdentifier>
    </Filter>
    <Filter Include="ソース ファイル\GameObject\Camera">
      <UniqueIdentifier>{284d2e4e-6d2a-4657-a22e-40cb4d6ecdd3}</UniqueIdentifier>
    </Filter>
    <Filter Include="ヘッダー ファイル\GameObject\Camera">
      <UniqueIdentifier>{44b91ed9-0c94-4d0c-b65e-9ac45f3b3997}</UniqueIdentifier>
    </Filter>
    <Filter Include="ソース ファイル\GameObject\MapObject">
      <UniqueIdentifier>{51857e61-286d-4cab-aea2-91e655e3f9bf}</UniqueIdentifier>
    </Filter>
    <Filter Include="ソース ファイル\Utility">
      <UniqueIdentifier>{bc0fc332-b125-4dcc-85cd-9704bfb9e973}</UniqueIdentifier>
    </Filter>
    <Filter Include="ヘッダー ファイル\Utility">
      <UniqueIdentifier>{c95a1eb0-a777-45f1-b06c-816c13411d98}</UniqueIdentifier>
    </Filter>
    <Filter Include="ソース ファイル\Map">
      <UniqueIdentifier>{79cb7880-fafa-43af-8526-3d922e2af711}</UniqueIdentifier>
    </Filter>
    <Filter Include="ヘッダー ファイル\GameObject\MapObject">
      <UniqueIdentifier>{eb5752f6-d829-4c88-afc3-46ecad94f673}</UniqueIdentifier>
    </Filter>
    <Filter Include="ヘッダー ファイル\Map">
      <UniqueIdentifier>{4247dc1d-67e3-4ed2-ab64-570144d350df}</UniqueIdentifier>
    </Filter>
    <Filter Include="ソース ファイル\UI">
      <UniqueIdentifier>{e4e2ca4c-555f-4fc6-b5e5-7b2e8359c038}</UniqueIdentifier>
    </Filter>
    <Filter Include="ヘッダー ファイル\UI">
      <UniqueIdentifier>{4298b3cf-cae0-4b8c-8b69-eb3c6884ca0e}</UniqueIdentifier>
    </Filter>
    <Filter Include="ソース ファイル\GameObject\Goal">
      <UniqueIdentifier>{18e7501f-ce97-4908-9b84-4b220a6e1612}</UniqueIdentifier>
    </Filter>
    <Filter Include="ヘッダー ファイル\GameObject\Goal">
      <UniqueIdentifier>{37e3ec79-b776-4b57-9a1c-fa350146c39c}</UniqueIdentifier>
    </Filter>
  </ItemGroup>
  <ItemGroup>
    <ClCompile Include="Src\Application.cpp">
      <Filter>ソース ファイル</Filter>
    </ClCompile>
    <ClCompile Include="Src\main.cpp">
      <Filter>ソース ファイル</Filter>
    </ClCompile>
    <ClCompile Include="Src\Manager\SceneManager.cpp">
      <Filter>ソース ファイル\Manager</Filter>
    </ClCompile>
    <ClCompile Include="Src\Manager\InputManager.cpp">
      <Filter>ソース ファイル\Manager</Filter>
    </ClCompile>
    <ClCompile Include="Src\Scene\TitleScene.cpp">
      <Filter>ソース ファイル\Scene</Filter>
    </ClCompile>
    <ClCompile Include="Src\Scene\GameScene.cpp">
      <Filter>ソース ファイル\Scene</Filter>
    </ClCompile>
    <ClCompile Include="Src\Scene\ResultScene.cpp">
      <Filter>ソース ファイル\Scene</Filter>
    </ClCompile>
    <ClCompile Include="Src\GameObject\GameObject.cpp">
      <Filter>ソース ファイル\GameObject</Filter>
    </ClCompile>
    <ClCompile Include="Src\GameObject\Character\Player\Player.cpp">
      <Filter>ソース ファイル\GameObject\Character\Player</Filter>
    </ClCompile>
    <ClCompile Include="Src\GameObject\Character\Character.cpp">
      <Filter>ソース ファイル\GameObject\Character</Filter>
    </ClCompile>
    <ClCompile Include="Src\Component\Collider.cpp">
      <Filter>ソース ファイル\Component</Filter>
    </ClCompile>
    <ClCompile Include="Src\Manager\CollisionManager.cpp">
      <Filter>ソース ファイル\Manager</Filter>
    </ClCompile>
    <ClCompile Include="Src\GameObject\Camera\Camera.cpp">
      <Filter>ソース ファイル\GameObject\Camera</Filter>
    </ClCompile>
    <ClCompile Include="Src\GameObject\MapObject\Floor.cpp">
      <Filter>ソース ファイル\GameObject\MapObject</Filter>
    </ClCompile>
    <ClCompile Include="Src\GameObject\MapObject\Wall.cpp">
      <Filter>ソース ファイル\GameObject\MapObject</Filter>
    </ClCompile>
    <ClCompile Include="Src\Utility\CollisionUtility.cpp">
      <Filter>ソース ファイル\Utility</Filter>
    </ClCompile>
    <ClCompile Include="Src\GameObject\MapObject\Block.cpp">
      <Filter>ソース ファイル\GameObject\MapObject</Filter>
    </ClCompile>
    <ClCompile Include="Src\Map\MapLoader.cpp">
      <Filter>ソース ファイル\Map</Filter>
    </ClCompile>
    <ClCompile Include="Src\Manager\TimeManager.cpp">
      <Filter>ソース ファイル\Manager</Filter>
    </ClCompile>
    <ClCompile Include="Src\UI\Gauge.cpp">
      <Filter>ソース ファイル\UI</Filter>
    </ClCompile>
    <ClCompile Include="Src\GameObject\Goal\Goal.cpp">
      <Filter>ソース ファイル\GameObject\Goal</Filter>
    </ClCompile>
    <ClCompile Include="Src\GameObject\Character\Enemy\Enemy.cpp">
      <Filter>ソース ファイル\GameObject\Character\Enemy</Filter>
    </ClCompile>
    <ClCompile Include="Src\Scene\SelectScene.cpp">
      <Filter>ソース ファイル\Scene</Filter>
    </ClCompile>
    <ClCompile Include="Src\GameObject\MapObject\Brick.cpp">
      <Filter>ソース ファイル\GameObject\MapObject</Filter>
    </ClCompile>
    <ClCompile Include="Src\GameObject\MapObject\Question.cpp">
      <Filter>ソース ファイル\GameObject\MapObject</Filter>
    </ClCompile>
    <ClCompile Include="Src\GameObject\MapObject\Rock.cpp">
      <Filter>ソース ファイル\GameObject\MapObject</Filter>
    </ClCompile>
    <ClCompile Include="Src\GameObject\MapObject\Spike.cpp">
      <Filter>ソース ファイル</Filter>
    </ClCompile>
  </ItemGroup>
  <ItemGroup>
    <ClInclude Include="Src\Application.h">
      <Filter>ヘッダー ファイル</Filter>
    </ClInclude>
    <ClInclude Include="Src\Difinition\Colors.h">
      <Filter>ヘッダー ファイル\Difinition</Filter>
    </ClInclude>
    <ClInclude Include="Src\Difinition\Constant.h">
      <Filter>ヘッダー ファイル\Difinition</Filter>
    </ClInclude>
    <ClInclude Include="Src\Scene\GameScene.h">
      <Filter>ヘッダー ファイル\Scene</Filter>
    </ClInclude>
    <ClInclude Include="Src\Manager\InputManager.h">
      <Filter>ヘッダー ファイル\Manager</Filter>
    </ClInclude>
    <ClInclude Include="Src\Scene\ResultScene.h">
      <Filter>ヘッダー ファイル\Scene</Filter>
    </ClInclude>
    <ClInclude Include="Src\Scene\Scene.h">
      <Filter>ヘッダー ファイル\Scene</Filter>
    </ClInclude>
    <ClInclude Include="Src\Manager\SceneManager.h">
      <Filter>ヘッダー ファイル\Manager</Filter>
    </ClInclude>
    <ClInclude Include="Src\Enum\SceneType.h">
      <Filter>ヘッダー ファイル\enum</Filter>
    </ClInclude>
    <ClInclude Include="Src\Scene\TitleScene.h">
      <Filter>ヘッダー ファイル\Scene</Filter>
    </ClInclude>
    <ClInclude Include="Src\Difinition\VectorDifines.h">
      <Filter>ヘッダー ファイル\Difinition</Filter>
    </ClInclude>
    <ClInclude Include="Src\GameObject\GameObject.h">
      <Filter>ヘッダー ファイル\GameObject</Filter>
    </ClInclude>
    <ClInclude Include="Src\Difinition\Macros.h">
      <Filter>ヘッダー ファイル\Difinition</Filter>
    </ClInclude>
    <ClInclude Include="Src\GameObject\Character\Player\Player.h">
      <Filter>ヘッダー ファイル\GameObject\Character\Player</Filter>
    </ClInclude>
    <ClInclude Include="Src\Enum\Direction.h">
      <Filter>ヘッダー ファイル\enum</Filter>
    </ClInclude>
    <ClInclude Include="Src\GameObject\Character\Character.h">
      <Filter>ヘッダー ファイル\GameObject\Character</Filter>
    </ClInclude>
    <ClInclude Include="Src\Enum\ColliderType.h">
      <Filter>ヘッダー ファイル\enum</Filter>
    </ClInclude>
    <ClInclude Include="Src\Component\Collider.h">
      <Filter>ヘッダー ファイル\Component</Filter>
    </ClInclude>
    <ClInclude Include="Src\Manager\CollisionManager.h">
      <Filter>ヘッダー ファイル\Manager</Filter>
    </ClInclude>
    <ClInclude Include="Src\GameObject\Camera\Camera.h">
      <Filter>ヘッダー ファイル\GameObject\Camera</Filter>
    </ClInclude>
    <ClInclude Include="Src\GameObject\MapObject\Floor.h">
      <Filter>ヘッダー ファイル\GameObject\MapObject</Filter>
    </ClInclude>
    <ClInclude Include="Src\GameObject\MapObject\Wall.h">
      <Filter>ヘッダー ファイル\GameObject\MapObject</Filter>
    </ClInclude>
    <ClInclude Include="Src\Utility\CollisionUtility.h">
      <Filter>ヘッダー ファイル\Utility</Filter>
    </ClInclude>
    <ClInclude Include="Src\Enum\HitDirection.h">
      <Filter>ヘッダー ファイル\enum</Filter>
    </ClInclude>
    <ClInclude Include="Src\GameObject\MapObject\Block.h">
      <Filter>ヘッダー ファイル\GameObject\MapObject</Filter>
    </ClInclude>
    <ClInclude Include="Src\Map\MapLoader.h">
      <Filter>ヘッダー ファイル\Map</Filter>
    </ClInclude>
    <ClInclude Include="Src\Manager\TimeManager.h">
      <Filter>ヘッダー ファイル\Manager</Filter>
    </ClInclude>
    <ClInclude Include="Src\UI\Gauge.h">
      <Filter>ヘッダー ファイル\UI</Filter>
    </ClInclude>
    <ClInclude Include="Src\GameObject\Goal\Goal.h">
      <Filter>ヘッダー ファイル\GameObject\Goal</Filter>
    </ClInclude>
    <ClInclude Include="Src\GameObject\MapObject\Brick.h">
      <Filter>ヘッダー ファイル\GameObject\MapObject</Filter>
    </ClInclude>
    <ClInclude Include="Src\GameObject\Character\Enemy\Enemy.h">
      <Filter>ヘッダー ファイル\GameObject\Character\Enemy</Filter>
    </ClInclude>
    <ClInclude Include="Src\GameObject\MapObject\Question.h">
      <Filter>ヘッダー ファイル\GameObject\MapObject</Filter>
    </ClInclude>
    <ClInclude Include="Src\Scene\SelectScene.h">
      <Filter>ヘッダー ファイル\Scene</Filter>
    </ClInclude>
    <ClInclude Include="Src\GameObject\MapObject\Rock.h">
      <Filter>ヘッダー ファイル\GameObject\MapObject</Filter>
    </ClInclude>
    <ClInclude Include="Src\GameObject\MapObject\Spike.h">
      <Filter>ヘッダー ファイル</Filter>
    </ClInclude>
  </ItemGroup>
</Project>